// !$*UTF8*$!
{
	archiveVersion = 1;
	classes = {
	};
	objectVersion = 55;
	objects = {

/* Begin PBXBuildFile section */
		8DAA9178289D2A65005DA016 /* TitleText.swift in Sources */ = {isa = PBXBuildFile; fileRef = 8DAA9177289D2A65005DA016 /* TitleText.swift */; };
		8DAA917A289D2B83005DA016 /* GameTextField.swift in Sources */ = {isa = PBXBuildFile; fileRef = 8DAA9179289D2B83005DA016 /* GameTextField.swift */; };
		8DAA917C289D2F81005DA016 /* ButtonStart.swift in Sources */ = {isa = PBXBuildFile; fileRef = 8DAA917B289D2F81005DA016 /* ButtonStart.swift */; };
		8DAA917E289D301C005DA016 /* GameView.swift in Sources */ = {isa = PBXBuildFile; fileRef = 8DAA917D289D301C005DA016 /* GameView.swift */; };
		8DAA9182289D47FD005DA016 /* PlayerModel.swift in Sources */ = {isa = PBXBuildFile; fileRef = 8DAA9181289D47FD005DA016 /* PlayerModel.swift */; };
		8DAA9185289D490C005DA016 /* GameViewModel.swift in Sources */ = {isa = PBXBuildFile; fileRef = 8DAA9184289D490C005DA016 /* GameViewModel.swift */; };
		8DEA6C32288F13F50027E462 /* WordGameApp.swift in Sources */ = {isa = PBXBuildFile; fileRef = 8DEA6C31288F13F50027E462 /* WordGameApp.swift */; };
		8DEA6C34288F13F50027E462 /* ContentView.swift in Sources */ = {isa = PBXBuildFile; fileRef = 8DEA6C33288F13F50027E462 /* ContentView.swift */; };
		8DEA6C36288F13F60027E462 /* Assets.xcassets in Resources */ = {isa = PBXBuildFile; fileRef = 8DEA6C35288F13F60027E462 /* Assets.xcassets */; };
		8DEA6C39288F13F60027E462 /* Preview Assets.xcassets in Resources */ = {isa = PBXBuildFile; fileRef = 8DEA6C38288F13F60027E462 /* Preview Assets.xcassets */; };
/* End PBXBuildFile section */

/* Begin PBXFileReference section */
		8DAA9177289D2A65005DA016 /* TitleText.swift */ = {isa = PBXFileReference; lastKnownFileType = sourcecode.swift; path = TitleText.swift; sourceTree = "<group>"; };
		8DAA9179289D2B83005DA016 /* GameTextField.swift */ = {isa = PBXFileReference; lastKnownFileType = sourcecode.swift; path = GameTextField.swift; sourceTree = "<group>"; };
		8DAA917B289D2F81005DA016 /* ButtonStart.swift */ = {isa = PBXFileReference; lastKnownFileType = sourcecode.swift; path = ButtonStart.swift; sourceTree = "<group>"; };
		8DAA917D289D301C005DA016 /* GameView.swift */ = {isa = PBXFileReference; lastKnownFileType = sourcecode.swift; path = GameView.swift; sourceTree = "<group>"; };
		8DAA9181289D47FD005DA016 /* PlayerModel.swift */ = {isa = PBXFileReference; lastKnownFileType = sourcecode.swift; path = PlayerModel.swift; sourceTree = "<group>"; };
		8DAA9184289D490C005DA016 /* GameViewModel.swift */ = {isa = PBXFileReference; lastKnownFileType = sourcecode.swift; path = GameViewModel.swift; sourceTree = "<group>"; };
		8DEA6C2E288F13F50027E462 /* WordGame.app */ = {isa = PBXFileReference; explicitFileType = wrapper.application; includeInIndex = 0; path = WordGame.app; sourceTree = BUILT_PRODUCTS_DIR; };
		8DEA6C31288F13F50027E462 /* WordGameApp.swift */ = {isa = PBXFileReference; lastKnownFileType = sourcecode.swift; path = WordGameApp.swift; sourceTree = "<group>"; };
		8DEA6C33288F13F50027E462 /* ContentView.swift */ = {isa = PBXFileReference; lastKnownFileType = sourcecode.swift; path = ContentView.swift; sourceTree = "<group>"; };
		8DEA6C35288F13F60027E462 /* Assets.xcassets */ = {isa = PBXFileReference; lastKnownFileType = folder.assetcatalog; path = Assets.xcassets; sourceTree = "<group>"; };
		8DEA6C38288F13F60027E462 /* Preview Assets.xcassets */ = {isa = PBXFileReference; lastKnownFileType = folder.assetcatalog; path = "Preview Assets.xcassets"; sourceTree = "<group>"; };
/* End PBXFileReference section */

/* Begin PBXFrameworksBuildPhase section */
		8DEA6C2B288F13F50027E462 /* Frameworks */ = {
			isa = PBXFrameworksBuildPhase;
			buildActionMask = 2147483647;
			files = (
			);
			runOnlyForDeploymentPostprocessing = 0;
		};
/* End PBXFrameworksBuildPhase section */

/* Begin PBXGroup section */
		8DAA9175289D23A2005DA016 /* View */ = {
			isa = PBXGroup;
			children = (
				8DEA6C33288F13F50027E462 /* ContentView.swift */,
				8DAA917D289D301C005DA016 /* GameView.swift */,
				8DAA9176289D23AD005DA016 /* Components */,
			);
			path = View;
			sourceTree = "<group>";
		};
		8DAA9176289D23AD005DA016 /* Components */ = {
			isa = PBXGroup;
			children = (
				8DAA9177289D2A65005DA016 /* TitleText.swift */,
				8DAA917B289D2F81005DA016 /* ButtonStart.swift */,
				8DAA9179289D2B83005DA016 /* GameTextField.swift */,
			);
			path = Components;
			sourceTree = "<group>";
		};
		8DAA9183289D48F3005DA016 /* Model */ = {
			isa = PBXGroup;
			children = (
				8DAA9181289D47FD005DA016 /* PlayerModel.swift */,
			);
			path = Model;
			sourceTree = "<group>";
		};
		8DAA9186289D7831005DA016 /* ViewModel */ = {
			isa = PBXGroup;
			children = (
				8DAA9184289D490C005DA016 /* GameViewModel.swift */,
			);
			path = ViewModel;
			sourceTree = "<group>";
		};
		8DEA6C25288F13F50027E462 = {
			isa = PBXGroup;
			children = (
				8DEA6C30288F13F50027E462 /* WordGame */,
				8DEA6C2F288F13F50027E462 /* Products */,
			);
			sourceTree = "<group>";
		};
		8DEA6C2F288F13F50027E462 /* Products */ = {
			isa = PBXGroup;
			children = (
				8DEA6C2E288F13F50027E462 /* WordGame.app */,
			);
			name = Products;
			sourceTree = "<group>";
		};
		8DEA6C30288F13F50027E462 /* WordGame */ = {
			isa = PBXGroup;
			children = (
				8DEA6C31288F13F50027E462 /* WordGameApp.swift */,
				8DAA9186289D7831005DA016 /* ViewModel */,
				8DAA9183289D48F3005DA016 /* Model */,
				8DAA9175289D23A2005DA016 /* View */,
				8DEA6C35288F13F60027E462 /* Assets.xcassets */,
				8DEA6C37288F13F60027E462 /* Preview Content */,
			);
			path = WordGame;
			sourceTree = "<group>";
		};
		8DEA6C37288F13F60027E462 /* Preview Content */ = {
			isa = PBXGroup;
			children = (
				8DEA6C38288F13F60027E462 /* Preview Assets.xcassets */,
			);
			path = "Preview Content";
			sourceTree = "<group>";
		};
/* End PBXGroup section */

/* Begin PBXNativeTarget section */
		8DEA6C2D288F13F50027E462 /* WordGame */ = {
			isa = PBXNativeTarget;
			buildConfigurationList = 8DEA6C3C288F13F60027E462 /* Build configuration list for PBXNativeTarget "WordGame" */;
			buildPhases = (
				8DEA6C2A288F13F50027E462 /* Sources */,
				8DEA6C2B288F13F50027E462 /* Frameworks */,
				8DEA6C2C288F13F50027E462 /* Resources */,
			);
			buildRules = (
			);
			dependencies = (
			);
			name = WordGame;
			productName = WordGame;
			productReference = 8DEA6C2E288F13F50027E462 /* WordGame.app */;
			productType = "com.apple.product-type.application";
		};
/* End PBXNativeTarget section */

/* Begin PBXProject section */
		8DEA6C26288F13F50027E462 /* Project object */ = {
			isa = PBXProject;
			attributes = {
				BuildIndependentTargetsInParallel = 1;
				LastSwiftUpdateCheck = 1340;
				LastUpgradeCheck = 1340;
				TargetAttributes = {
					8DEA6C2D288F13F50027E462 = {
						CreatedOnToolsVersion = 13.4.1;
					};
				};
			};
			buildConfigurationList = 8DEA6C29288F13F50027E462 /* Build configuration list for PBXProject "WordGame" */;
			compatibilityVersion = "Xcode 13.0";
			developmentRegion = en;
			hasScannedForEncodings = 0;
			knownRegions = (
				en,
				Base,
			);
			mainGroup = 8DEA6C25288F13F50027E462;
			productRefGroup = 8DEA6C2F288F13F50027E462 /* Products */;
			projectDirPath = "";
			projectRoot = "";
			targets = (
				8DEA6C2D288F13F50027E462 /* WordGame */,
			);
		};
/* End PBXProject section */

/* Begin PBXResourcesBuildPhase section */
		8DEA6C2C288F13F50027E462 /* Resources */ = {
			isa = PBXResourcesBuildPhase;
			buildActionMask = 2147483647;
			files = (
				8DEA6C39288F13F60027E462 /* Preview Assets.xcassets in Resources */,
				8DEA6C36288F13F60027E462 /* Assets.xcassets in Resources */,
			);
			runOnlyForDeploymentPostprocessing = 0;
		};
/* End PBXResourcesBuildPhase section */

/* Begin PBXSourcesBuildPhase section */
		8DEA6C2A288F13F50027E462 /* Sources */ = {
			isa = PBXSourcesBuildPhase;
			buildActionMask = 2147483647;
			files = (
				8DEA6C34288F13F50027E462 /* ContentView.swift in Sources */,
				8DAA917A289D2B83005DA016 /* GameTextField.swift in Sources */,
				8DAA9182289D47FD005DA016 /* PlayerModel.swift in Sources */,
				8DAA917C289D2F81005DA016 /* ButtonStart.swift in Sources */,
				8DAA9185289D490C005DA016 /* GameViewModel.swift in Sources */,
				8DAA9178289D2A65005DA016 /* TitleText.swift in Sources */,
				8DAA917E289D301C005DA016 /* GameView.swift in Sources */,
				8DEA6C32288F13F50027E462 /* WordGameApp.swift in Sources */,
			);
			runOnlyForDeploymentPostprocessing = 0;
		};
/* End PBXSourcesBuildPhase section */

/* Begin XCBuildConfiguration section */
		8DEA6C3A288F13F60027E462 /* Debug */ = {
			isa = XCBuildConfiguration;
			buildSettings = {
				ALWAYS_SEARCH_USER_PATHS = NO;
				CLANG_ANALYZER_NONNULL = YES;
				CLANG_ANALYZER_NUMBER_OBJECT_CONVERSION = YES_AGGRESSIVE;
				CLANG_CXX_LANGUAGE_STANDARD = "gnu++17";
				CLANG_ENABLE_MODULES = YES;
				CLANG_ENABLE_OBJC_ARC = YES;
				CLANG_ENABLE_OBJC_WEAK = YES;
				CLANG_WARN_BLOCK_CAPTURE_AUTORELEASING = YES;
				CLANG_WARN_BOOL_CONVERSION = YES;
				CLANG_WARN_COMMA = YES;
				CLANG_WARN_CONSTANT_CONVERSION = YES;
				CLANG_WARN_DEPRECATED_OBJC_IMPLEMENTATIONS = YES;
				CLANG_WARN_DIRECT_OBJC_ISA_USAGE = YES_ERROR;
				CLANG_WARN_DOCUMENTATION_COMMENTS = YES;
				CLANG_WARN_EMPTY_BODY = YES;
				CLANG_WARN_ENUM_CONVERSION = YES;
				CLANG_WARN_INFINITE_RECURSION = YES;
				CLANG_WARN_INT_CONVERSION = YES;
				CLANG_WARN_NON_LITERAL_NULL_CONVERSION = YES;
				CLANG_WARN_OBJC_IMPLICIT_RETAIN_SELF = YES;
				CLANG_WARN_OBJC_LITERAL_CONVERSION = YES;
				CLANG_WARN_OBJC_ROOT_CLASS = YES_ERROR;
				CLANG_WARN_QUOTED_INCLUDE_IN_FRAMEWORK_HEADER = YES;
				CLANG_WARN_RANGE_LOOP_ANALYSIS = YES;
				CLANG_WARN_STRICT_PROTOTYPES = YES;
				CLANG_WARN_SUSPICIOUS_MOVE = YES;
				CLANG_WARN_UNGUARDED_AVAILABILITY = YES_AGGRESSIVE;
				CLANG_WARN_UNREACHABLE_CODE = YES;
				CLANG_WARN__DUPLICATE_METHOD_MATCH = YES;
				COPY_PHASE_STRIP = NO;
				DEBUG_INFORMATION_FORMAT = dwarf;
				ENABLE_STRICT_OBJC_MSGSEND = YES;
				ENABLE_TESTABILITY = YES;
				GCC_C_LANGUAGE_STANDARD = gnu11;
				GCC_DYNAMIC_NO_PIC = NO;
				GCC_NO_COMMON_BLOCKS = YES;
				GCC_OPTIMIZATION_LEVEL = 0;
				GCC_PREPROCESSOR_DEFINITIONS = (
					"DEBUG=1",
					"$(inherited)",
				);
				GCC_WARN_64_TO_32_BIT_CONVERSION = YES;
				GCC_WARN_ABOUT_RETURN_TYPE = YES_ERROR;
				GCC_WARN_UNDECLARED_SELECTOR = YES;
				GCC_WARN_UNINITIALIZED_AUTOS = YES_AGGRESSIVE;
				GCC_WARN_UNUSED_FUNCTION = YES;
				GCC_WARN_UNUSED_VARIABLE = YES;
				IPHONEOS_DEPLOYMENT_TARGET = 15.5;
				MTL_ENABLE_DEBUG_INFO = INCLUDE_SOURCE;
				MTL_FAST_MATH = YES;
				ONLY_ACTIVE_ARCH = YES;
				SDKROOT = iphoneos;
				SWIFT_ACTIVE_COMPILATION_CONDITIONS = DEBUG;
				SWIFT_OPTIMIZATION_LEVEL = "-Onone";
			};
			name = Debug;
		};
		8DEA6C3B288F13F60027E462 /* Release */ = {
			isa = XCBuildConfiguration;
			buildSettings = {
				ALWAYS_SEARCH_USER_PATHS = NO;
				CLANG_ANALYZER_NONNULL = YES;
				CLANG_ANALYZER_NUMBER_OBJECT_CONVERSION = YES_AGGRESSIVE;
				CLANG_CXX_LANGUAGE_STANDARD = "gnu++17";
				CLANG_ENABLE_MODULES = YES;
				CLANG_ENABLE_OBJC_ARC = YES;
				CLANG_ENABLE_OBJC_WEAK = YES;
				CLANG_WARN_BLOCK_CAPTURE_AUTORELEASING = YES;
				CLANG_WARN_BOOL_CONVERSION = YES;
				CLANG_WARN_COMMA = YES;
				CLANG_WARN_CONSTANT_CONVERSION = YES;
				CLANG_WARN_DEPRECATED_OBJC_IMPLEMENTATIONS = YES;
				CLANG_WARN_DIRECT_OBJC_ISA_USAGE = YES_ERROR;
				CLANG_WARN_DOCUMENTATION_COMMENTS = YES;
				CLANG_WARN_EMPTY_BODY = YES;
				CLANG_WARN_ENUM_CONVERSION = YES;
				CLANG_WARN_INFINITE_RECURSION = YES;
				CLANG_WARN_INT_CONVERSION = YES;
				CLANG_WARN_NON_LITERAL_NULL_CONVERSION = YES;
				CLANG_WARN_OBJC_IMPLICIT_RETAIN_SELF = YES;
				CLANG_WARN_OBJC_LITERAL_CONVERSION = YES;
				CLANG_WARN_OBJC_ROOT_CLASS = YES_ERROR;
				CLANG_WARN_QUOTED_INCLUDE_IN_FRAMEWORK_HEADER = YES;
				CLANG_WARN_RANGE_LOOP_ANALYSIS = YES;
				CLANG_WARN_STRICT_PROTOTYPES = YES;
				CLANG_WARN_SUSPICIOUS_MOVE = YES;
				CLANG_WARN_UNGUARDED_AVAILABILITY = YES_AGGRESSIVE;
				CLANG_WARN_UNREACHABLE_CODE = YES;
				CLANG_WARN__DUPLICATE_METHOD_MATCH = YES;
				COPY_PHASE_STRIP = NO;
				DEBUG_INFORMATION_FORMAT = "dwarf-with-dsym";
				ENABLE_NS_ASSERTIONS = NO;
				ENABLE_STRICT_OBJC_MSGSEND = YES;
				GCC_C_LANGUAGE_STANDARD = gnu11;
				GCC_NO_COMMON_BLOCKS = YES;
				GCC_WARN_64_TO_32_BIT_CONVERSION = YES;
				GCC_WARN_ABOUT_RETURN_TYPE = YES_ERROR;
				GCC_WARN_UNDECLARED_SELECTOR = YES;
				GCC_WARN_UNINITIALIZED_AUTOS = YES_AGGRESSIVE;
				GCC_WARN_UNUSED_FUNCTION = YES;
				GCC_WARN_UNUSED_VARIABLE = YES;
				IPHONEOS_DEPLOYMENT_TARGET = 15.5;
				MTL_ENABLE_DEBUG_INFO = NO;
				MTL_FAST_MATH = YES;
				SDKROOT = iphoneos;
				SWIFT_COMPILATION_MODE = wholemodule;
				SWIFT_OPTIMIZATION_LEVEL = "-O";
				VALIDATE_PRODUCT = YES;
			};
			name = Release;
		};
		8DEA6C3D288F13F60027E462 /* Debug */ = {
			isa = XCBuildConfiguration;
			buildSettings = {
				ASSETCATALOG_COMPILER_APPICON_NAME = AppIcon;
				ASSETCATALOG_COMPILER_GLOBAL_ACCENT_COLOR_NAME = AccentColor;
				CODE_SIGN_STYLE = Automatic;
				CURRENT_PROJECT_VERSION = 1;
				DEVELOPMENT_ASSET_PATHS = "\"WordGame/Preview Content\"";
				DEVELOPMENT_TEAM = 79GHQ256TM;
				ENABLE_PREVIEWS = YES;
				GENERATE_INFOPLIST_FILE = YES;
				INFOPLIST_KEY_UIApplicationSceneManifest_Generation = YES;
				INFOPLIST_KEY_UIApplicationSupportsIndirectInputEvents = YES;
				INFOPLIST_KEY_UILaunchScreen_Generation = YES;
				INFOPLIST_KEY_UISupportedInterfaceOrientations_iPad = "UIInterfaceOrientationPortrait UIInterfaceOrientationPortraitUpsideDown UIInterfaceOrientationLandscapeLeft UIInterfaceOrientationLandscapeRight";
				INFOPLIST_KEY_UISupportedInterfaceOrientations_iPhone = "UIInterfaceOrientationPortrait UIInterfaceOrientationLandscapeLeft UIInterfaceOrientationLandscapeRight";
				LD_RUNPATH_SEARCH_PATHS = (
					"$(inherited)",
					"@executable_path/Frameworks",
				);
				MARKETING_VERSION = 1.0;
				PRODUCT_BUNDLE_IDENTIFIER = com.manev.mikhail.WordGame;
				PRODUCT_NAME = "$(TARGET_NAME)";
				SWIFT_EMIT_LOC_STRINGS = YES;
				SWIFT_VERSION = 5.0;
				TARGETED_DEVICE_FAMILY = "1,2";
			};
			name = Debug;
		};
		8DEA6C3E288F13F60027E462 /* Release */ = {
			isa = XCBuildConfiguration;
			buildSettings = {
				ASSETCATALOG_COMPILER_APPICON_NAME = AppIcon;
				ASSETCATALOG_COMPILER_GLOBAL_ACCENT_COLOR_NAME = AccentColor;
				CODE_SIGN_STYLE = Automatic;
				CURRENT_PROJECT_VERSION = 1;
				DEVELOPMENT_ASSET_PATHS = "\"WordGame/Preview Content\"";
				DEVELOPMENT_TEAM = 79GHQ256TM;
				ENABLE_PREVIEWS = YES;
				GENERATE_INFOPLIST_FILE = YES;
				INFOPLIST_KEY_UIApplicationSceneManifest_Generation = YES;
				INFOPLIST_KEY_UIApplicationSupportsIndirectInputEvents = YES;
				INFOPLIST_KEY_UILaunchScreen_Generation = YES;
				INFOPLIST_KEY_UISupportedInterfaceOrientations_iPad = "UIInterfaceOrientationPortrait UIInterfaceOrientationPortraitUpsideDown UIInterfaceOrientationLandscapeLeft UIInterfaceOrientationLandscapeRight";
				INFOPLIST_KEY_UISupportedInterfaceOrientations_iPhone = "UIInterfaceOrientationPortrait UIInterfaceOrientationLandscapeLeft UIInterfaceOrientationLandscapeRight";
				LD_RUNPATH_SEARCH_PATHS = (
					"$(inherited)",
					"@executable_path/Frameworks",
				);
				MARKETING_VERSION = 1.0;
				PRODUCT_BUNDLE_IDENTIFIER = com.manev.mikhail.WordGame;
				PRODUCT_NAME = "$(TARGET_NAME)";
				SWIFT_EMIT_LOC_STRINGS = YES;
				SWIFT_VERSION = 5.0;
				TARGETED_DEVICE_FAMILY = "1,2";
			};
			name = Release;
		};
/* End XCBuildConfiguration section */

/* Begin XCConfigurationList section */
		8DEA6C29288F13F50027E462 /* Build configuration list for PBXProject "WordGame" */ = {
			isa = XCConfigurationList;
			buildConfigurations = (
				8DEA6C3A288F13F60027E462 /* Debug */,
				8DEA6C3B288F13F60027E462 /* Release */,
			);
			defaultConfigurationIsVisible = 0;
			defaultConfigurationName = Release;
		};
		8DEA6C3C288F13F60027E462 /* Build configuration list for PBXNativeTarget "WordGame" */ = {
			isa = XCConfigurationList;
			buildConfigurations = (
				8DEA6C3D288F13F60027E462 /* Debug */,
				8DEA6C3E288F13F60027E462 /* Release */,
			);
			defaultConfigurationIsVisible = 0;
			defaultConfigurationName = Release;
		};
/* End XCConfigurationList section */
	};
	rootObject = 8DEA6C26288F13F50027E462 /* Project object */;
}
